
Microsoft Visual Studio Solution File, Format Version 12.00
# Visual Studio Version 17
VisualStudioVersion = 17.5.002.0
MinimumVisualStudioVersion = 10.0.40219.1
Project("{9A19103F-16F7-4668-BE54-9A1E7A4F7556}") = "TinhTienLaiChoVay", "TinhTienLaiChoVay.csproj", "{DF0CB8EE-DA49-4651-817F-63ED56D05947}"
EndProject
Global
	GlobalSection(SolutionConfigurationPlatforms) = preSolution
		Debug|Any CPU = Debug|Any CPU
		Release|Any CPU = Release|Any CPU
	EndGlobalSection
	GlobalSection(ProjectConfigurationPlatforms) = postSolution
		{DF0CB8EE-DA49-4651-817F-63ED56D05947}.Debug|Any CPU.ActiveCfg = Debug|Any CPU
		{DF0CB8EE-DA49-4651-817F-63ED56D05947}.Debug|Any CPU.Build.0 = Debug|Any CPU
		{DF0CB8EE-DA49-4651-817F-63ED56D05947}.Release|Any CPU.ActiveCfg = Release|Any CPU
		{DF0CB8EE-DA49-4651-817F-63ED56D05947}.Release|Any CPU.Build.0 = Release|Any CPU
	EndGlobalSection
	GlobalSection(SolutionProperties) = preSolution
		HideSolutionNode = FALSE
	EndGlobalSection
	GlobalSection(ExtensibilityGlobals) = postSolution
		SolutionGuid = {7A192446-834B-421E-B57F-BBD0BC7743E7}
	EndGlobalSection
EndGlobal
